// !$*UTF8*$!
{
	archiveVersion = 1;
	classes = {
	};
	objectVersion = 56;
	objects = {

/* Begin PBXBuildFile section */
		851BF6A829E2D78400878EA0 /* CircularProgressBar.swift in Sources */ = {isa = PBXBuildFile; fileRef = 851BF6A729E2D78400878EA0 /* CircularProgressBar.swift */; };
		852E0DD829D9AD3700C5F95A /* DataSource.swift in Sources */ = {isa = PBXBuildFile; fileRef = 852E0DD729D9AD3700C5F95A /* DataSource.swift */; };
		852E0DDA29D9AD5100C5F95A /* DataSourceType.swift in Sources */ = {isa = PBXBuildFile; fileRef = 852E0DD929D9AD5100C5F95A /* DataSourceType.swift */; };
		8536E89E29D8BF19007E2023 /* ExpandableText.swift in Sources */ = {isa = PBXBuildFile; fileRef = 8536E89D29D8BF19007E2023 /* ExpandableText.swift */; };
		85386EF329C6383B00A69C15 /* MultilineTextField.swift in Sources */ = {isa = PBXBuildFile; fileRef = 85386EF229C6383B00A69C15 /* MultilineTextField.swift */; };
		85386EF929C6505100A69C15 /* HourPickerField.swift in Sources */ = {isa = PBXBuildFile; fileRef = 85386EF829C6505100A69C15 /* HourPickerField.swift */; };
		85386EFB29C6563800A69C15 /* DatePickerField.swift in Sources */ = {isa = PBXBuildFile; fileRef = 85386EFA29C6563800A69C15 /* DatePickerField.swift */; };
		85444E3B29D208480093243C /* SubTaskCard.swift in Sources */ = {isa = PBXBuildFile; fileRef = 85444E3A29D208480093243C /* SubTaskCard.swift */; };
		8548108A29C5C93D002DC597 /* AddProjectSheet.swift in Sources */ = {isa = PBXBuildFile; fileRef = 8548108929C5C93D002DC597 /* AddProjectSheet.swift */; };
		8548109129C5CC29002DC597 /* CustomTextField.swift in Sources */ = {isa = PBXBuildFile; fileRef = 8548109029C5CC29002DC597 /* CustomTextField.swift */; };
		854E999C29D07FD8000E411E /* TaskDetailView.swift in Sources */ = {isa = PBXBuildFile; fileRef = 854E999B29D07FD8000E411E /* TaskDetailView.swift */; };
		854E999E29D07FFE000E411E /* TaskDetailViewModel.swift in Sources */ = {isa = PBXBuildFile; fileRef = 854E999D29D07FFE000E411E /* TaskDetailViewModel.swift */; };
		854E99A029D0834E000E411E /* View+Extensions.swift in Sources */ = {isa = PBXBuildFile; fileRef = 854E999F29D0834E000E411E /* View+Extensions.swift */; };
		8555FE9D29D8012C001A6AF2 /* Formatter+Extensions.swift in Sources */ = {isa = PBXBuildFile; fileRef = 8555FE9C29D8012C001A6AF2 /* Formatter+Extensions.swift */; };
		859C869629E2BD21008481E4 /* SubTaskViewModel.swift in Sources */ = {isa = PBXBuildFile; fileRef = 859C869529E2BD21008481E4 /* SubTaskViewModel.swift */; };
		85B6C0CF29C6EF4C00125B05 /* CheckToggleStyle.swift in Sources */ = {isa = PBXBuildFile; fileRef = 85B6C0CE29C6EF4C00125B05 /* CheckToggleStyle.swift */; };
		85B6C0D129C6F29700125B05 /* ColorPickerField.swift in Sources */ = {isa = PBXBuildFile; fileRef = 85B6C0D029C6F29700125B05 /* ColorPickerField.swift */; };
		85B6C0D529C6F4B200125B05 /* ColorButton.swift in Sources */ = {isa = PBXBuildFile; fileRef = 85B6C0D429C6F4B200125B05 /* ColorButton.swift */; };
		85B6C0D829C6F89900125B05 /* ProjectColors.swift in Sources */ = {isa = PBXBuildFile; fileRef = 85B6C0D729C6F89900125B05 /* ProjectColors.swift */; };
		85CBE6A829D9E9680055C70D /* TimesheetMO+CoreDataClass.swift in Sources */ = {isa = PBXBuildFile; fileRef = 85CBE6A229D9E9680055C70D /* TimesheetMO+CoreDataClass.swift */; };
		85CBE6A929D9E9680055C70D /* TimesheetMO+CoreDataProperties.swift in Sources */ = {isa = PBXBuildFile; fileRef = 85CBE6A329D9E9680055C70D /* TimesheetMO+CoreDataProperties.swift */; };
		85CBE6AA29D9E9680055C70D /* TaskMO+CoreDataClass.swift in Sources */ = {isa = PBXBuildFile; fileRef = 85CBE6A429D9E9680055C70D /* TaskMO+CoreDataClass.swift */; };
		85CBE6AB29D9E9680055C70D /* TaskMO+CoreDataProperties.swift in Sources */ = {isa = PBXBuildFile; fileRef = 85CBE6A529D9E9680055C70D /* TaskMO+CoreDataProperties.swift */; };
		85CBE6AC29D9E9680055C70D /* SubTaskMO+CoreDataClass.swift in Sources */ = {isa = PBXBuildFile; fileRef = 85CBE6A629D9E9680055C70D /* SubTaskMO+CoreDataClass.swift */; };
		85CBE6AD29D9E9680055C70D /* SubTaskMO+CoreDataProperties.swift in Sources */ = {isa = PBXBuildFile; fileRef = 85CBE6A729D9E9680055C70D /* SubTaskMO+CoreDataProperties.swift */; };
		85CBE6AF29D9F3210055C70D /* Task.swift in Sources */ = {isa = PBXBuildFile; fileRef = 85CBE6AE29D9F3210055C70D /* Task.swift */; };
		85CBE6B129D9F4E10055C70D /* SubTask.swift in Sources */ = {isa = PBXBuildFile; fileRef = 85CBE6B029D9F4E10055C70D /* SubTask.swift */; };
		85CFC4BC29C736B300AD9186 /* TaskStates.swift in Sources */ = {isa = PBXBuildFile; fileRef = 85CFC4BB29C736B300AD9186 /* TaskStates.swift */; };
		85CFC4C229C73C4400AD9186 /* AddProjectViewModel.swift in Sources */ = {isa = PBXBuildFile; fileRef = 85CFC4C129C73C4400AD9186 /* AddProjectViewModel.swift */; };
		85CFC4C529C73E7C00AD9186 /* TaskOverviewModel.swift in Sources */ = {isa = PBXBuildFile; fileRef = 85CFC4C429C73E7C00AD9186 /* TaskOverviewModel.swift */; };
		85D9D67729BDFFE5008C8106 /* ProjectMApp.swift in Sources */ = {isa = PBXBuildFile; fileRef = 85D9D67629BDFFE5008C8106 /* ProjectMApp.swift */; };
		85D9D67929BDFFE5008C8106 /* ContentView.swift in Sources */ = {isa = PBXBuildFile; fileRef = 85D9D67829BDFFE5008C8106 /* ContentView.swift */; };
		85D9D67B29BDFFE5008C8106 /* Assets.xcassets in Resources */ = {isa = PBXBuildFile; fileRef = 85D9D67A29BDFFE5008C8106 /* Assets.xcassets */; };
		85D9D67E29BDFFE5008C8106 /* Preview Assets.xcassets in Resources */ = {isa = PBXBuildFile; fileRef = 85D9D67D29BDFFE5008C8106 /* Preview Assets.xcassets */; };
		85D9D68029BDFFE5008C8106 /* Persistence.swift in Sources */ = {isa = PBXBuildFile; fileRef = 85D9D67F29BDFFE5008C8106 /* Persistence.swift */; };
		85D9D68329BDFFE5008C8106 /* ProjectM.xcdatamodeld in Sources */ = {isa = PBXBuildFile; fileRef = 85D9D68129BDFFE5008C8106 /* ProjectM.xcdatamodeld */; };
		85D9D68E29BDFFE5008C8106 /* ProjectMTests.swift in Sources */ = {isa = PBXBuildFile; fileRef = 85D9D68D29BDFFE5008C8106 /* ProjectMTests.swift */; };
		85D9D69829BDFFE5008C8106 /* ProjectMUITests.swift in Sources */ = {isa = PBXBuildFile; fileRef = 85D9D69729BDFFE5008C8106 /* ProjectMUITests.swift */; };
		85D9D69A29BDFFE5008C8106 /* ProjectMUITestsLaunchTests.swift in Sources */ = {isa = PBXBuildFile; fileRef = 85D9D69929BDFFE5008C8106 /* ProjectMUITestsLaunchTests.swift */; };
		85D9D6A829BE00D7008C8106 /* Color+Extensions.swift in Sources */ = {isa = PBXBuildFile; fileRef = 85D9D6A729BE00D7008C8106 /* Color+Extensions.swift */; };
		85D9D6AB29BE029D008C8106 /* UIScreen+Extension.swift in Sources */ = {isa = PBXBuildFile; fileRef = 85D9D6AA29BE029D008C8106 /* UIScreen+Extension.swift */; };
		85D9D6B629BE15DF008C8106 /* Date+Extensions.swift in Sources */ = {isa = PBXBuildFile; fileRef = 85D9D6B529BE15DF008C8106 /* Date+Extensions.swift */; };
		85EB960129C61438000B0AF2 /* SubmitButton.swift in Sources */ = {isa = PBXBuildFile; fileRef = 85EB960029C61438000B0AF2 /* SubmitButton.swift */; };
		85F6DC4329E299AC0090D29C /* Binding+Extensions.swift in Sources */ = {isa = PBXBuildFile; fileRef = 85F6DC4229E299AC0090D29C /* Binding+Extensions.swift */; };
		85FD2E3F29C74EAA0047DC3B /* TaskCard.swift in Sources */ = {isa = PBXBuildFile; fileRef = 85FD2E3E29C74EAA0047DC3B /* TaskCard.swift */; };
/* End PBXBuildFile section */

/* Begin PBXContainerItemProxy section */
		85D9D68A29BDFFE5008C8106 /* PBXContainerItemProxy */ = {
			isa = PBXContainerItemProxy;
			containerPortal = 85D9D66B29BDFFE4008C8106 /* Project object */;
			proxyType = 1;
			remoteGlobalIDString = 85D9D67229BDFFE5008C8106;
			remoteInfo = ProjectM;
		};
		85D9D69429BDFFE5008C8106 /* PBXContainerItemProxy */ = {
			isa = PBXContainerItemProxy;
			containerPortal = 85D9D66B29BDFFE4008C8106 /* Project object */;
			proxyType = 1;
			remoteGlobalIDString = 85D9D67229BDFFE5008C8106;
			remoteInfo = ProjectM;
		};
/* End PBXContainerItemProxy section */

/* Begin PBXFileReference section */
		851BF6A729E2D78400878EA0 /* CircularProgressBar.swift */ = {isa = PBXFileReference; lastKnownFileType = sourcecode.swift; path = CircularProgressBar.swift; sourceTree = "<group>"; };
		852E0DD729D9AD3700C5F95A /* DataSource.swift */ = {isa = PBXFileReference; lastKnownFileType = sourcecode.swift; path = DataSource.swift; sourceTree = "<group>"; };
		852E0DD929D9AD5100C5F95A /* DataSourceType.swift */ = {isa = PBXFileReference; lastKnownFileType = sourcecode.swift; path = DataSourceType.swift; sourceTree = "<group>"; };
		8536E89D29D8BF19007E2023 /* ExpandableText.swift */ = {isa = PBXFileReference; lastKnownFileType = sourcecode.swift; path = ExpandableText.swift; sourceTree = "<group>"; };
		85386EF229C6383B00A69C15 /* MultilineTextField.swift */ = {isa = PBXFileReference; lastKnownFileType = sourcecode.swift; path = MultilineTextField.swift; sourceTree = "<group>"; };
		85386EF829C6505100A69C15 /* HourPickerField.swift */ = {isa = PBXFileReference; lastKnownFileType = sourcecode.swift; path = HourPickerField.swift; sourceTree = "<group>"; };
		85386EFA29C6563800A69C15 /* DatePickerField.swift */ = {isa = PBXFileReference; lastKnownFileType = sourcecode.swift; path = DatePickerField.swift; sourceTree = "<group>"; };
		85444E3A29D208480093243C /* SubTaskCard.swift */ = {isa = PBXFileReference; lastKnownFileType = sourcecode.swift; path = SubTaskCard.swift; sourceTree = "<group>"; };
		8548108929C5C93D002DC597 /* AddProjectSheet.swift */ = {isa = PBXFileReference; lastKnownFileType = sourcecode.swift; path = AddProjectSheet.swift; sourceTree = "<group>"; };
		8548109029C5CC29002DC597 /* CustomTextField.swift */ = {isa = PBXFileReference; lastKnownFileType = sourcecode.swift; path = CustomTextField.swift; sourceTree = "<group>"; };
		854E999B29D07FD8000E411E /* TaskDetailView.swift */ = {isa = PBXFileReference; lastKnownFileType = sourcecode.swift; path = TaskDetailView.swift; sourceTree = "<group>"; };
		854E999D29D07FFE000E411E /* TaskDetailViewModel.swift */ = {isa = PBXFileReference; lastKnownFileType = sourcecode.swift; path = TaskDetailViewModel.swift; sourceTree = "<group>"; };
		854E999F29D0834E000E411E /* View+Extensions.swift */ = {isa = PBXFileReference; lastKnownFileType = sourcecode.swift; path = "View+Extensions.swift"; sourceTree = "<group>"; };
		8555FE9C29D8012C001A6AF2 /* Formatter+Extensions.swift */ = {isa = PBXFileReference; lastKnownFileType = sourcecode.swift; path = "Formatter+Extensions.swift"; sourceTree = "<group>"; };
		859C869529E2BD21008481E4 /* SubTaskViewModel.swift */ = {isa = PBXFileReference; lastKnownFileType = sourcecode.swift; path = SubTaskViewModel.swift; sourceTree = "<group>"; };
		85B6C0CE29C6EF4C00125B05 /* CheckToggleStyle.swift */ = {isa = PBXFileReference; lastKnownFileType = sourcecode.swift; path = CheckToggleStyle.swift; sourceTree = "<group>"; };
		85B6C0D029C6F29700125B05 /* ColorPickerField.swift */ = {isa = PBXFileReference; lastKnownFileType = sourcecode.swift; path = ColorPickerField.swift; sourceTree = "<group>"; };
		85B6C0D429C6F4B200125B05 /* ColorButton.swift */ = {isa = PBXFileReference; lastKnownFileType = sourcecode.swift; path = ColorButton.swift; sourceTree = "<group>"; };
		85B6C0D729C6F89900125B05 /* ProjectColors.swift */ = {isa = PBXFileReference; lastKnownFileType = sourcecode.swift; path = ProjectColors.swift; sourceTree = "<group>"; };
		85CBE6A229D9E9680055C70D /* TimesheetMO+CoreDataClass.swift */ = {isa = PBXFileReference; lastKnownFileType = sourcecode.swift; path = "TimesheetMO+CoreDataClass.swift"; sourceTree = "<group>"; };
		85CBE6A329D9E9680055C70D /* TimesheetMO+CoreDataProperties.swift */ = {isa = PBXFileReference; lastKnownFileType = sourcecode.swift; path = "TimesheetMO+CoreDataProperties.swift"; sourceTree = "<group>"; };
		85CBE6A429D9E9680055C70D /* TaskMO+CoreDataClass.swift */ = {isa = PBXFileReference; lastKnownFileType = sourcecode.swift; path = "TaskMO+CoreDataClass.swift"; sourceTree = "<group>"; };
		85CBE6A529D9E9680055C70D /* TaskMO+CoreDataProperties.swift */ = {isa = PBXFileReference; lastKnownFileType = sourcecode.swift; path = "TaskMO+CoreDataProperties.swift"; sourceTree = "<group>"; };
		85CBE6A629D9E9680055C70D /* SubTaskMO+CoreDataClass.swift */ = {isa = PBXFileReference; lastKnownFileType = sourcecode.swift; path = "SubTaskMO+CoreDataClass.swift"; sourceTree = "<group>"; };
		85CBE6A729D9E9680055C70D /* SubTaskMO+CoreDataProperties.swift */ = {isa = PBXFileReference; lastKnownFileType = sourcecode.swift; path = "SubTaskMO+CoreDataProperties.swift"; sourceTree = "<group>"; };
		85CBE6AE29D9F3210055C70D /* Task.swift */ = {isa = PBXFileReference; lastKnownFileType = sourcecode.swift; path = Task.swift; sourceTree = "<group>"; };
		85CBE6B029D9F4E10055C70D /* SubTask.swift */ = {isa = PBXFileReference; lastKnownFileType = sourcecode.swift; path = SubTask.swift; sourceTree = "<group>"; };
		85CFC4BB29C736B300AD9186 /* TaskStates.swift */ = {isa = PBXFileReference; lastKnownFileType = sourcecode.swift; path = TaskStates.swift; sourceTree = "<group>"; };
		85CFC4C129C73C4400AD9186 /* AddProjectViewModel.swift */ = {isa = PBXFileReference; lastKnownFileType = sourcecode.swift; path = AddProjectViewModel.swift; sourceTree = "<group>"; };
		85CFC4C429C73E7C00AD9186 /* TaskOverviewModel.swift */ = {isa = PBXFileReference; lastKnownFileType = sourcecode.swift; path = TaskOverviewModel.swift; sourceTree = "<group>"; };
		85D9D67329BDFFE5008C8106 /* ProjectM.app */ = {isa = PBXFileReference; explicitFileType = wrapper.application; includeInIndex = 0; path = ProjectM.app; sourceTree = BUILT_PRODUCTS_DIR; };
		85D9D67629BDFFE5008C8106 /* ProjectMApp.swift */ = {isa = PBXFileReference; lastKnownFileType = sourcecode.swift; path = ProjectMApp.swift; sourceTree = "<group>"; };
		85D9D67829BDFFE5008C8106 /* ContentView.swift */ = {isa = PBXFileReference; lastKnownFileType = sourcecode.swift; path = ContentView.swift; sourceTree = "<group>"; };
		85D9D67A29BDFFE5008C8106 /* Assets.xcassets */ = {isa = PBXFileReference; lastKnownFileType = folder.assetcatalog; path = Assets.xcassets; sourceTree = "<group>"; };
		85D9D67D29BDFFE5008C8106 /* Preview Assets.xcassets */ = {isa = PBXFileReference; lastKnownFileType = folder.assetcatalog; path = "Preview Assets.xcassets"; sourceTree = "<group>"; };
		85D9D67F29BDFFE5008C8106 /* Persistence.swift */ = {isa = PBXFileReference; lastKnownFileType = sourcecode.swift; path = Persistence.swift; sourceTree = "<group>"; };
		85D9D68229BDFFE5008C8106 /* ProjectM.xcdatamodel */ = {isa = PBXFileReference; lastKnownFileType = wrapper.xcdatamodel; path = ProjectM.xcdatamodel; sourceTree = "<group>"; };
		85D9D68429BDFFE5008C8106 /* Info.plist */ = {isa = PBXFileReference; lastKnownFileType = text.plist.xml; path = Info.plist; sourceTree = "<group>"; };
		85D9D68929BDFFE5008C8106 /* ProjectMTests.xctest */ = {isa = PBXFileReference; explicitFileType = wrapper.cfbundle; includeInIndex = 0; path = ProjectMTests.xctest; sourceTree = BUILT_PRODUCTS_DIR; };
		85D9D68D29BDFFE5008C8106 /* ProjectMTests.swift */ = {isa = PBXFileReference; lastKnownFileType = sourcecode.swift; path = ProjectMTests.swift; sourceTree = "<group>"; };
		85D9D69329BDFFE5008C8106 /* ProjectMUITests.xctest */ = {isa = PBXFileReference; explicitFileType = wrapper.cfbundle; includeInIndex = 0; path = ProjectMUITests.xctest; sourceTree = BUILT_PRODUCTS_DIR; };
		85D9D69729BDFFE5008C8106 /* ProjectMUITests.swift */ = {isa = PBXFileReference; lastKnownFileType = sourcecode.swift; path = ProjectMUITests.swift; sourceTree = "<group>"; };
		85D9D69929BDFFE5008C8106 /* ProjectMUITestsLaunchTests.swift */ = {isa = PBXFileReference; lastKnownFileType = sourcecode.swift; path = ProjectMUITestsLaunchTests.swift; sourceTree = "<group>"; };
		85D9D6A729BE00D7008C8106 /* Color+Extensions.swift */ = {isa = PBXFileReference; lastKnownFileType = sourcecode.swift; path = "Color+Extensions.swift"; sourceTree = "<group>"; };
		85D9D6AA29BE029D008C8106 /* UIScreen+Extension.swift */ = {isa = PBXFileReference; lastKnownFileType = sourcecode.swift; path = "UIScreen+Extension.swift"; sourceTree = "<group>"; };
		85D9D6B529BE15DF008C8106 /* Date+Extensions.swift */ = {isa = PBXFileReference; lastKnownFileType = sourcecode.swift; path = "Date+Extensions.swift"; sourceTree = "<group>"; };
		85EB960029C61438000B0AF2 /* SubmitButton.swift */ = {isa = PBXFileReference; lastKnownFileType = sourcecode.swift; path = SubmitButton.swift; sourceTree = "<group>"; };
		85F6DC4229E299AC0090D29C /* Binding+Extensions.swift */ = {isa = PBXFileReference; lastKnownFileType = sourcecode.swift; path = "Binding+Extensions.swift"; sourceTree = "<group>"; };
		85FD2E3E29C74EAA0047DC3B /* TaskCard.swift */ = {isa = PBXFileReference; lastKnownFileType = sourcecode.swift; path = TaskCard.swift; sourceTree = "<group>"; };
/* End PBXFileReference section */

/* Begin PBXFrameworksBuildPhase section */
		85D9D67029BDFFE5008C8106 /* Frameworks */ = {
			isa = PBXFrameworksBuildPhase;
			buildActionMask = 2147483647;
			files = (
			);
			runOnlyForDeploymentPostprocessing = 0;
		};
		85D9D68629BDFFE5008C8106 /* Frameworks */ = {
			isa = PBXFrameworksBuildPhase;
			buildActionMask = 2147483647;
			files = (
			);
			runOnlyForDeploymentPostprocessing = 0;
		};
		85D9D69029BDFFE5008C8106 /* Frameworks */ = {
			isa = PBXFrameworksBuildPhase;
			buildActionMask = 2147483647;
			files = (
			);
			runOnlyForDeploymentPostprocessing = 0;
		};
/* End PBXFrameworksBuildPhase section */

/* Begin PBXGroup section */
		852A1D1129C23EF10082AA0B /* Persistence */ = {
			isa = PBXGroup;
			children = (
				85CBE69529D9E7FC0055C70D /* Models */,
				85CBE69429D9E2F80055C70D /* ManagedObjects */,
				85D9D68129BDFFE5008C8106 /* ProjectM.xcdatamodeld */,
				85D9D67F29BDFFE5008C8106 /* Persistence.swift */,
				852E0DD729D9AD3700C5F95A /* DataSource.swift */,
			);
			path = Persistence;
			sourceTree = "<group>";
		};
		852A1D1229C24BB40082AA0B /* Views */ = {
			isa = PBXGroup;
			children = (
				854E999A29D07FB8000E411E /* TaskDetail */,
				85CFC4C329C73E6600AD9186 /* TaskOverview */,
				85CFC4C029C73C3400AD9186 /* AddProject */,
			);
			path = Views;
			sourceTree = "<group>";
		};
		8548108F29C5CC1D002DC597 /* Form */ = {
			isa = PBXGroup;
			children = (
				85B6C0D229C6F49200125B05 /* ColorPickerField */,
				8548109029C5CC29002DC597 /* CustomTextField.swift */,
				85EB960029C61438000B0AF2 /* SubmitButton.swift */,
				85386EF229C6383B00A69C15 /* MultilineTextField.swift */,
				85386EF829C6505100A69C15 /* HourPickerField.swift */,
				85386EFA29C6563800A69C15 /* DatePickerField.swift */,
			);
			path = Form;
			sourceTree = "<group>";
		};
		854E999A29D07FB8000E411E /* TaskDetail */ = {
			isa = PBXGroup;
			children = (
				859C869429E2B9D8008481E4 /* SubTask */,
				854E999B29D07FD8000E411E /* TaskDetailView.swift */,
				854E999D29D07FFE000E411E /* TaskDetailViewModel.swift */,
			);
			path = TaskDetail;
			sourceTree = "<group>";
		};
		859C869429E2B9D8008481E4 /* SubTask */ = {
			isa = PBXGroup;
			children = (
				85444E3A29D208480093243C /* SubTaskCard.swift */,
				859C869529E2BD21008481E4 /* SubTaskViewModel.swift */,
			);
			path = SubTask;
			sourceTree = "<group>";
		};
		85B6C0CD29C6EF4300125B05 /* Styles */ = {
			isa = PBXGroup;
			children = (
				85B6C0CE29C6EF4C00125B05 /* CheckToggleStyle.swift */,
			);
			path = Styles;
			sourceTree = "<group>";
		};
		85B6C0D229C6F49200125B05 /* ColorPickerField */ = {
			isa = PBXGroup;
			children = (
				85B6C0D329C6F4A700125B05 /* Components */,
				85B6C0D029C6F29700125B05 /* ColorPickerField.swift */,
			);
			path = ColorPickerField;
			sourceTree = "<group>";
		};
		85B6C0D329C6F4A700125B05 /* Components */ = {
			isa = PBXGroup;
			children = (
				85B6C0D429C6F4B200125B05 /* ColorButton.swift */,
			);
			path = Components;
			sourceTree = "<group>";
		};
		85B6C0D629C6F88E00125B05 /* Enums */ = {
			isa = PBXGroup;
			children = (
				85B6C0D729C6F89900125B05 /* ProjectColors.swift */,
				85CFC4BB29C736B300AD9186 /* TaskStates.swift */,
				852E0DD929D9AD5100C5F95A /* DataSourceType.swift */,
			);
			path = Enums;
			sourceTree = "<group>";
		};
		85CBE69429D9E2F80055C70D /* ManagedObjects */ = {
			isa = PBXGroup;
			children = (
				85CBE6A229D9E9680055C70D /* TimesheetMO+CoreDataClass.swift */,
				85CBE6A329D9E9680055C70D /* TimesheetMO+CoreDataProperties.swift */,
				85CBE6A429D9E9680055C70D /* TaskMO+CoreDataClass.swift */,
				85CBE6A529D9E9680055C70D /* TaskMO+CoreDataProperties.swift */,
				85CBE6A629D9E9680055C70D /* SubTaskMO+CoreDataClass.swift */,
				85CBE6A729D9E9680055C70D /* SubTaskMO+CoreDataProperties.swift */,
			);
			path = ManagedObjects;
			sourceTree = "<group>";
		};
		85CBE69529D9E7FC0055C70D /* Models */ = {
			isa = PBXGroup;
			children = (
				85CBE6AE29D9F3210055C70D /* Task.swift */,
				85CBE6B029D9F4E10055C70D /* SubTask.swift */,
			);
			path = Models;
			sourceTree = "<group>";
		};
		85CFC4C029C73C3400AD9186 /* AddProject */ = {
			isa = PBXGroup;
			children = (
				8548108F29C5CC1D002DC597 /* Form */,
				8548108929C5C93D002DC597 /* AddProjectSheet.swift */,
				85CFC4C129C73C4400AD9186 /* AddProjectViewModel.swift */,
			);
			path = AddProject;
			sourceTree = "<group>";
		};
		85CFC4C329C73E6600AD9186 /* TaskOverview */ = {
			isa = PBXGroup;
			children = (
				85FD2E3D29C74EA00047DC3B /* TaskCard */,
				85D9D67829BDFFE5008C8106 /* ContentView.swift */,
				85CFC4C429C73E7C00AD9186 /* TaskOverviewModel.swift */,
			);
			path = TaskOverview;
			sourceTree = "<group>";
		};
		85D9D66A29BDFFE4008C8106 = {
			isa = PBXGroup;
			children = (
				85D9D67529BDFFE5008C8106 /* ProjectM */,
				85D9D68C29BDFFE5008C8106 /* ProjectMTests */,
				85D9D69629BDFFE5008C8106 /* ProjectMUITests */,
				85D9D67429BDFFE5008C8106 /* Products */,
			);
			sourceTree = "<group>";
		};
		85D9D67429BDFFE5008C8106 /* Products */ = {
			isa = PBXGroup;
			children = (
				85D9D67329BDFFE5008C8106 /* ProjectM.app */,
				85D9D68929BDFFE5008C8106 /* ProjectMTests.xctest */,
				85D9D69329BDFFE5008C8106 /* ProjectMUITests.xctest */,
			);
			name = Products;
			sourceTree = "<group>";
		};
		85D9D67529BDFFE5008C8106 /* ProjectM */ = {
			isa = PBXGroup;
			children = (
				852A1D1129C23EF10082AA0B /* Persistence */,
				85B6C0D629C6F88E00125B05 /* Enums */,
				85B6C0CD29C6EF4300125B05 /* Styles */,
				852A1D1229C24BB40082AA0B /* Views */,
				85D9D6A929BE027E008C8106 /* Extensions */,
				85D9D6B029BE0BB2008C8106 /* Components */,
				85D9D6A629BE0006008C8106 /* Resources */,
				85D9D67629BDFFE5008C8106 /* ProjectMApp.swift */,
			);
			path = ProjectM;
			sourceTree = "<group>";
		};
		85D9D68C29BDFFE5008C8106 /* ProjectMTests */ = {
			isa = PBXGroup;
			children = (
				85D9D68D29BDFFE5008C8106 /* ProjectMTests.swift */,
			);
			path = ProjectMTests;
			sourceTree = "<group>";
		};
		85D9D69629BDFFE5008C8106 /* ProjectMUITests */ = {
			isa = PBXGroup;
			children = (
				85D9D69729BDFFE5008C8106 /* ProjectMUITests.swift */,
				85D9D69929BDFFE5008C8106 /* ProjectMUITestsLaunchTests.swift */,
			);
			path = ProjectMUITests;
			sourceTree = "<group>";
		};
		85D9D6A629BE0006008C8106 /* Resources */ = {
			isa = PBXGroup;
			children = (
				85D9D67D29BDFFE5008C8106 /* Preview Assets.xcassets */,
				85D9D67A29BDFFE5008C8106 /* Assets.xcassets */,
				85D9D68429BDFFE5008C8106 /* Info.plist */,
				85D9D6A729BE00D7008C8106 /* Color+Extensions.swift */,
			);
			path = Resources;
			sourceTree = "<group>";
		};
		85D9D6A929BE027E008C8106 /* Extensions */ = {
			isa = PBXGroup;
			children = (
				85D9D6AA29BE029D008C8106 /* UIScreen+Extension.swift */,
				85D9D6B529BE15DF008C8106 /* Date+Extensions.swift */,
				854E999F29D0834E000E411E /* View+Extensions.swift */,
				8555FE9C29D8012C001A6AF2 /* Formatter+Extensions.swift */,
				85F6DC4229E299AC0090D29C /* Binding+Extensions.swift */,
			);
			path = Extensions;
			sourceTree = "<group>";
		};
		85D9D6B029BE0BB2008C8106 /* Components */ = {
			isa = PBXGroup;
			children = (
				8536E89D29D8BF19007E2023 /* ExpandableText.swift */,
				851BF6A729E2D78400878EA0 /* CircularProgressBar.swift */,
			);
			path = Components;
			sourceTree = "<group>";
		};
		85FD2E3D29C74EA00047DC3B /* TaskCard */ = {
			isa = PBXGroup;
			children = (
				85FD2E3E29C74EAA0047DC3B /* TaskCard.swift */,
			);
			path = TaskCard;
			sourceTree = "<group>";
		};
/* End PBXGroup section */

/* Begin PBXNativeTarget section */
		85D9D67229BDFFE5008C8106 /* ProjectM */ = {
			isa = PBXNativeTarget;
			buildConfigurationList = 85D9D69D29BDFFE5008C8106 /* Build configuration list for PBXNativeTarget "ProjectM" */;
			buildPhases = (
				85D9D66F29BDFFE5008C8106 /* Sources */,
				85D9D67029BDFFE5008C8106 /* Frameworks */,
				85D9D67129BDFFE5008C8106 /* Resources */,
			);
			buildRules = (
			);
			dependencies = (
			);
			name = ProjectM;
			productName = ProjectM;
			productReference = 85D9D67329BDFFE5008C8106 /* ProjectM.app */;
			productType = "com.apple.product-type.application";
		};
		85D9D68829BDFFE5008C8106 /* ProjectMTests */ = {
			isa = PBXNativeTarget;
			buildConfigurationList = 85D9D6A029BDFFE5008C8106 /* Build configuration list for PBXNativeTarget "ProjectMTests" */;
			buildPhases = (
				85D9D68529BDFFE5008C8106 /* Sources */,
				85D9D68629BDFFE5008C8106 /* Frameworks */,
				85D9D68729BDFFE5008C8106 /* Resources */,
			);
			buildRules = (
			);
			dependencies = (
				85D9D68B29BDFFE5008C8106 /* PBXTargetDependency */,
			);
			name = ProjectMTests;
			productName = ProjectMTests;
			productReference = 85D9D68929BDFFE5008C8106 /* ProjectMTests.xctest */;
			productType = "com.apple.product-type.bundle.unit-test";
		};
		85D9D69229BDFFE5008C8106 /* ProjectMUITests */ = {
			isa = PBXNativeTarget;
			buildConfigurationList = 85D9D6A329BDFFE5008C8106 /* Build configuration list for PBXNativeTarget "ProjectMUITests" */;
			buildPhases = (
				85D9D68F29BDFFE5008C8106 /* Sources */,
				85D9D69029BDFFE5008C8106 /* Frameworks */,
				85D9D69129BDFFE5008C8106 /* Resources */,
			);
			buildRules = (
			);
			dependencies = (
				85D9D69529BDFFE5008C8106 /* PBXTargetDependency */,
			);
			name = ProjectMUITests;
			productName = ProjectMUITests;
			productReference = 85D9D69329BDFFE5008C8106 /* ProjectMUITests.xctest */;
			productType = "com.apple.product-type.bundle.ui-testing";
		};
/* End PBXNativeTarget section */

/* Begin PBXProject section */
		85D9D66B29BDFFE4008C8106 /* Project object */ = {
			isa = PBXProject;
			attributes = {
				BuildIndependentTargetsInParallel = 1;
				LastSwiftUpdateCheck = 1420;
				LastUpgradeCheck = 1420;
				TargetAttributes = {
					85D9D67229BDFFE5008C8106 = {
						CreatedOnToolsVersion = 14.2;
					};
					85D9D68829BDFFE5008C8106 = {
						CreatedOnToolsVersion = 14.2;
						TestTargetID = 85D9D67229BDFFE5008C8106;
					};
					85D9D69229BDFFE5008C8106 = {
						CreatedOnToolsVersion = 14.2;
						TestTargetID = 85D9D67229BDFFE5008C8106;
					};
				};
			};
			buildConfigurationList = 85D9D66E29BDFFE4008C8106 /* Build configuration list for PBXProject "ProjectM" */;
			compatibilityVersion = "Xcode 14.0";
			developmentRegion = en;
			hasScannedForEncodings = 0;
			knownRegions = (
				en,
				Base,
			);
			mainGroup = 85D9D66A29BDFFE4008C8106;
			productRefGroup = 85D9D67429BDFFE5008C8106 /* Products */;
			projectDirPath = "";
			projectRoot = "";
			targets = (
				85D9D67229BDFFE5008C8106 /* ProjectM */,
				85D9D68829BDFFE5008C8106 /* ProjectMTests */,
				85D9D69229BDFFE5008C8106 /* ProjectMUITests */,
			);
		};
/* End PBXProject section */

/* Begin PBXResourcesBuildPhase section */
		85D9D67129BDFFE5008C8106 /* Resources */ = {
			isa = PBXResourcesBuildPhase;
			buildActionMask = 2147483647;
			files = (
				85D9D67E29BDFFE5008C8106 /* Preview Assets.xcassets in Resources */,
				85D9D67B29BDFFE5008C8106 /* Assets.xcassets in Resources */,
			);
			runOnlyForDeploymentPostprocessing = 0;
		};
		85D9D68729BDFFE5008C8106 /* Resources */ = {
			isa = PBXResourcesBuildPhase;
			buildActionMask = 2147483647;
			files = (
			);
			runOnlyForDeploymentPostprocessing = 0;
		};
		85D9D69129BDFFE5008C8106 /* Resources */ = {
			isa = PBXResourcesBuildPhase;
			buildActionMask = 2147483647;
			files = (
			);
			runOnlyForDeploymentPostprocessing = 0;
		};
/* End PBXResourcesBuildPhase section */

/* Begin PBXSourcesBuildPhase section */
		85D9D66F29BDFFE5008C8106 /* Sources */ = {
			isa = PBXSourcesBuildPhase;
			buildActionMask = 2147483647;
			files = (
				854E999C29D07FD8000E411E /* TaskDetailView.swift in Sources */,
				85FD2E3F29C74EAA0047DC3B /* TaskCard.swift in Sources */,
				85CBE6AB29D9E9680055C70D /* TaskMO+CoreDataProperties.swift in Sources */,
				8555FE9D29D8012C001A6AF2 /* Formatter+Extensions.swift in Sources */,
				85CFC4C229C73C4400AD9186 /* AddProjectViewModel.swift in Sources */,
				85D9D6A829BE00D7008C8106 /* Color+Extensions.swift in Sources */,
				85D9D68029BDFFE5008C8106 /* Persistence.swift in Sources */,
				85B6C0CF29C6EF4C00125B05 /* CheckToggleStyle.swift in Sources */,
				852E0DDA29D9AD5100C5F95A /* DataSourceType.swift in Sources */,
				85386EFB29C6563800A69C15 /* DatePickerField.swift in Sources */,
				85CBE6AA29D9E9680055C70D /* TaskMO+CoreDataClass.swift in Sources */,
				85CBE6AF29D9F3210055C70D /* Task.swift in Sources */,
				85CFC4C529C73E7C00AD9186 /* TaskOverviewModel.swift in Sources */,
				85D9D68329BDFFE5008C8106 /* ProjectM.xcdatamodeld in Sources */,
				85CBE6B129D9F4E10055C70D /* SubTask.swift in Sources */,
				8548108A29C5C93D002DC597 /* AddProjectSheet.swift in Sources */,
				8548109129C5CC29002DC597 /* CustomTextField.swift in Sources */,
				85B6C0D529C6F4B200125B05 /* ColorButton.swift in Sources */,
				854E99A029D0834E000E411E /* View+Extensions.swift in Sources */,
				851BF6A829E2D78400878EA0 /* CircularProgressBar.swift in Sources */,
				85B6C0D829C6F89900125B05 /* ProjectColors.swift in Sources */,
				85F6DC4329E299AC0090D29C /* Binding+Extensions.swift in Sources */,
				8536E89E29D8BF19007E2023 /* ExpandableText.swift in Sources */,
				854E999E29D07FFE000E411E /* TaskDetailViewModel.swift in Sources */,
				85D9D6B629BE15DF008C8106 /* Date+Extensions.swift in Sources */,
				85D9D67929BDFFE5008C8106 /* ContentView.swift in Sources */,
				859C869629E2BD21008481E4 /* SubTaskViewModel.swift in Sources */,
				85D9D67729BDFFE5008C8106 /* ProjectMApp.swift in Sources */,
				85D9D6AB29BE029D008C8106 /* UIScreen+Extension.swift in Sources */,
				85386EF929C6505100A69C15 /* HourPickerField.swift in Sources */,
				85CBE6A829D9E9680055C70D /* TimesheetMO+CoreDataClass.swift in Sources */,
				85444E3B29D208480093243C /* SubTaskCard.swift in Sources */,
				85B6C0D129C6F29700125B05 /* ColorPickerField.swift in Sources */,
				85CBE6AD29D9E9680055C70D /* SubTaskMO+CoreDataProperties.swift in Sources */,
				852E0DD829D9AD3700C5F95A /* DataSource.swift in Sources */,
				85CBE6AC29D9E9680055C70D /* SubTaskMO+CoreDataClass.swift in Sources */,
				85EB960129C61438000B0AF2 /* SubmitButton.swift in Sources */,
				85386EF329C6383B00A69C15 /* MultilineTextField.swift in Sources */,
				85CBE6A929D9E9680055C70D /* TimesheetMO+CoreDataProperties.swift in Sources */,
				85CFC4BC29C736B300AD9186 /* TaskStates.swift in Sources */,
			);
			runOnlyForDeploymentPostprocessing = 0;
		};
		85D9D68529BDFFE5008C8106 /* Sources */ = {
			isa = PBXSourcesBuildPhase;
			buildActionMask = 2147483647;
			files = (
				85D9D68E29BDFFE5008C8106 /* ProjectMTests.swift in Sources */,
			);
			runOnlyForDeploymentPostprocessing = 0;
		};
		85D9D68F29BDFFE5008C8106 /* Sources */ = {
			isa = PBXSourcesBuildPhase;
			buildActionMask = 2147483647;
			files = (
				85D9D69A29BDFFE5008C8106 /* ProjectMUITestsLaunchTests.swift in Sources */,
				85D9D69829BDFFE5008C8106 /* ProjectMUITests.swift in Sources */,
			);
			runOnlyForDeploymentPostprocessing = 0;
		};
/* End PBXSourcesBuildPhase section */

/* Begin PBXTargetDependency section */
		85D9D68B29BDFFE5008C8106 /* PBXTargetDependency */ = {
			isa = PBXTargetDependency;
			target = 85D9D67229BDFFE5008C8106 /* ProjectM */;
			targetProxy = 85D9D68A29BDFFE5008C8106 /* PBXContainerItemProxy */;
		};
		85D9D69529BDFFE5008C8106 /* PBXTargetDependency */ = {
			isa = PBXTargetDependency;
			target = 85D9D67229BDFFE5008C8106 /* ProjectM */;
			targetProxy = 85D9D69429BDFFE5008C8106 /* PBXContainerItemProxy */;
		};
/* End PBXTargetDependency section */

/* Begin XCBuildConfiguration section */
		85D9D69B29BDFFE5008C8106 /* Debug */ = {
			isa = XCBuildConfiguration;
			buildSettings = {
				ALWAYS_SEARCH_USER_PATHS = NO;
				CLANG_ANALYZER_NONNULL = YES;
				CLANG_ANALYZER_NUMBER_OBJECT_CONVERSION = YES_AGGRESSIVE;
				CLANG_CXX_LANGUAGE_STANDARD = "gnu++20";
				CLANG_ENABLE_MODULES = YES;
				CLANG_ENABLE_OBJC_ARC = YES;
				CLANG_ENABLE_OBJC_WEAK = YES;
				CLANG_WARN_BLOCK_CAPTURE_AUTORELEASING = YES;
				CLANG_WARN_BOOL_CONVERSION = YES;
				CLANG_WARN_COMMA = YES;
				CLANG_WARN_CONSTANT_CONVERSION = YES;
				CLANG_WARN_DEPRECATED_OBJC_IMPLEMENTATIONS = YES;
				CLANG_WARN_DIRECT_OBJC_ISA_USAGE = YES_ERROR;
				CLANG_WARN_DOCUMENTATION_COMMENTS = YES;
				CLANG_WARN_EMPTY_BODY = YES;
				CLANG_WARN_ENUM_CONVERSION = YES;
				CLANG_WARN_INFINITE_RECURSION = YES;
				CLANG_WARN_INT_CONVERSION = YES;
				CLANG_WARN_NON_LITERAL_NULL_CONVERSION = YES;
				CLANG_WARN_OBJC_IMPLICIT_RETAIN_SELF = YES;
				CLANG_WARN_OBJC_LITERAL_CONVERSION = YES;
				CLANG_WARN_OBJC_ROOT_CLASS = YES_ERROR;
				CLANG_WARN_QUOTED_INCLUDE_IN_FRAMEWORK_HEADER = YES;
				CLANG_WARN_RANGE_LOOP_ANALYSIS = YES;
				CLANG_WARN_STRICT_PROTOTYPES = YES;
				CLANG_WARN_SUSPICIOUS_MOVE = YES;
				CLANG_WARN_UNGUARDED_AVAILABILITY = YES_AGGRESSIVE;
				CLANG_WARN_UNREACHABLE_CODE = YES;
				CLANG_WARN__DUPLICATE_METHOD_MATCH = YES;
				COPY_PHASE_STRIP = NO;
				DEBUG_INFORMATION_FORMAT = dwarf;
				ENABLE_STRICT_OBJC_MSGSEND = YES;
				ENABLE_TESTABILITY = YES;
				GCC_C_LANGUAGE_STANDARD = gnu11;
				GCC_DYNAMIC_NO_PIC = NO;
				GCC_NO_COMMON_BLOCKS = YES;
				GCC_OPTIMIZATION_LEVEL = 0;
				GCC_PREPROCESSOR_DEFINITIONS = (
					"DEBUG=1",
					"$(inherited)",
				);
				GCC_WARN_64_TO_32_BIT_CONVERSION = YES;
				GCC_WARN_ABOUT_RETURN_TYPE = YES_ERROR;
				GCC_WARN_UNDECLARED_SELECTOR = YES;
				GCC_WARN_UNINITIALIZED_AUTOS = YES_AGGRESSIVE;
				GCC_WARN_UNUSED_FUNCTION = YES;
				GCC_WARN_UNUSED_VARIABLE = YES;
				IPHONEOS_DEPLOYMENT_TARGET = 16.2;
				MTL_ENABLE_DEBUG_INFO = INCLUDE_SOURCE;
				MTL_FAST_MATH = YES;
				ONLY_ACTIVE_ARCH = YES;
				SDKROOT = iphoneos;
				SWIFT_ACTIVE_COMPILATION_CONDITIONS = DEBUG;
				SWIFT_OPTIMIZATION_LEVEL = "-Onone";
			};
			name = Debug;
		};
		85D9D69C29BDFFE5008C8106 /* Release */ = {
			isa = XCBuildConfiguration;
			buildSettings = {
				ALWAYS_SEARCH_USER_PATHS = NO;
				CLANG_ANALYZER_NONNULL = YES;
				CLANG_ANALYZER_NUMBER_OBJECT_CONVERSION = YES_AGGRESSIVE;
				CLANG_CXX_LANGUAGE_STANDARD = "gnu++20";
				CLANG_ENABLE_MODULES = YES;
				CLANG_ENABLE_OBJC_ARC = YES;
				CLANG_ENABLE_OBJC_WEAK = YES;
				CLANG_WARN_BLOCK_CAPTURE_AUTORELEASING = YES;
				CLANG_WARN_BOOL_CONVERSION = YES;
				CLANG_WARN_COMMA = YES;
				CLANG_WARN_CONSTANT_CONVERSION = YES;
				CLANG_WARN_DEPRECATED_OBJC_IMPLEMENTATIONS = YES;
				CLANG_WARN_DIRECT_OBJC_ISA_USAGE = YES_ERROR;
				CLANG_WARN_DOCUMENTATION_COMMENTS = YES;
				CLANG_WARN_EMPTY_BODY = YES;
				CLANG_WARN_ENUM_CONVERSION = YES;
				CLANG_WARN_INFINITE_RECURSION = YES;
				CLANG_WARN_INT_CONVERSION = YES;
				CLANG_WARN_NON_LITERAL_NULL_CONVERSION = YES;
				CLANG_WARN_OBJC_IMPLICIT_RETAIN_SELF = YES;
				CLANG_WARN_OBJC_LITERAL_CONVERSION = YES;
				CLANG_WARN_OBJC_ROOT_CLASS = YES_ERROR;
				CLANG_WARN_QUOTED_INCLUDE_IN_FRAMEWORK_HEADER = YES;
				CLANG_WARN_RANGE_LOOP_ANALYSIS = YES;
				CLANG_WARN_STRICT_PROTOTYPES = YES;
				CLANG_WARN_SUSPICIOUS_MOVE = YES;
				CLANG_WARN_UNGUARDED_AVAILABILITY = YES_AGGRESSIVE;
				CLANG_WARN_UNREACHABLE_CODE = YES;
				CLANG_WARN__DUPLICATE_METHOD_MATCH = YES;
				COPY_PHASE_STRIP = NO;
				DEBUG_INFORMATION_FORMAT = "dwarf-with-dsym";
				ENABLE_NS_ASSERTIONS = NO;
				ENABLE_STRICT_OBJC_MSGSEND = YES;
				GCC_C_LANGUAGE_STANDARD = gnu11;
				GCC_NO_COMMON_BLOCKS = YES;
				GCC_WARN_64_TO_32_BIT_CONVERSION = YES;
				GCC_WARN_ABOUT_RETURN_TYPE = YES_ERROR;
				GCC_WARN_UNDECLARED_SELECTOR = YES;
				GCC_WARN_UNINITIALIZED_AUTOS = YES_AGGRESSIVE;
				GCC_WARN_UNUSED_FUNCTION = YES;
				GCC_WARN_UNUSED_VARIABLE = YES;
				IPHONEOS_DEPLOYMENT_TARGET = 16.2;
				MTL_ENABLE_DEBUG_INFO = NO;
				MTL_FAST_MATH = YES;
				SDKROOT = iphoneos;
				SWIFT_COMPILATION_MODE = wholemodule;
				SWIFT_OPTIMIZATION_LEVEL = "-O";
				VALIDATE_PRODUCT = YES;
			};
			name = Release;
		};
		85D9D69E29BDFFE5008C8106 /* Debug */ = {
			isa = XCBuildConfiguration;
			buildSettings = {
				ASSETCATALOG_COMPILER_APPICON_NAME = AppIcon;
				ASSETCATALOG_COMPILER_GLOBAL_ACCENT_COLOR_NAME = AccentColor;
				CODE_SIGN_STYLE = Automatic;
				CURRENT_PROJECT_VERSION = 1;
				DEVELOPMENT_ASSET_PATHS = "\"ProjectM/Resources\"";
				DEVELOPMENT_TEAM = DJL65M64G7;
				ENABLE_PREVIEWS = YES;
				GENERATE_INFOPLIST_FILE = YES;
				INFOPLIST_KEY_UIApplicationSceneManifest_Generation = YES;
				INFOPLIST_KEY_UIApplicationSupportsIndirectInputEvents = YES;
				INFOPLIST_KEY_UILaunchScreen_Generation = YES;
				INFOPLIST_KEY_UISupportedInterfaceOrientations_iPad = "UIInterfaceOrientationPortrait UIInterfaceOrientationPortraitUpsideDown UIInterfaceOrientationLandscapeLeft UIInterfaceOrientationLandscapeRight";
				INFOPLIST_KEY_UISupportedInterfaceOrientations_iPhone = "UIInterfaceOrientationPortrait UIInterfaceOrientationLandscapeLeft UIInterfaceOrientationLandscapeRight";
				LD_RUNPATH_SEARCH_PATHS = (
					"$(inherited)",
					"@executable_path/Frameworks",
				);
				MARKETING_VERSION = 1.0;
				PRODUCT_BUNDLE_IDENTIFIER = dev.nikditten.app.ProjectM;
				PRODUCT_NAME = "$(TARGET_NAME)";
				SWIFT_EMIT_LOC_STRINGS = YES;
				SWIFT_VERSION = 5.0;
				TARGETED_DEVICE_FAMILY = "1,2";
			};
			name = Debug;
		};
		85D9D69F29BDFFE5008C8106 /* Release */ = {
			isa = XCBuildConfiguration;
			buildSettings = {
				ASSETCATALOG_COMPILER_APPICON_NAME = AppIcon;
				ASSETCATALOG_COMPILER_GLOBAL_ACCENT_COLOR_NAME = AccentColor;
				CODE_SIGN_STYLE = Automatic;
				CURRENT_PROJECT_VERSION = 1;
				DEVELOPMENT_ASSET_PATHS = "\"ProjectM/Resources\"";
				DEVELOPMENT_TEAM = DJL65M64G7;
				ENABLE_PREVIEWS = YES;
				GENERATE_INFOPLIST_FILE = YES;
				INFOPLIST_KEY_UIApplicationSceneManifest_Generation = YES;
				INFOPLIST_KEY_UIApplicationSupportsIndirectInputEvents = YES;
				INFOPLIST_KEY_UILaunchScreen_Generation = YES;
				INFOPLIST_KEY_UISupportedInterfaceOrientations_iPad = "UIInterfaceOrientationPortrait UIInterfaceOrientationPortraitUpsideDown UIInterfaceOrientationLandscapeLeft UIInterfaceOrientationLandscapeRight";
				INFOPLIST_KEY_UISupportedInterfaceOrientations_iPhone = "UIInterfaceOrientationPortrait UIInterfaceOrientationLandscapeLeft UIInterfaceOrientationLandscapeRight";
				LD_RUNPATH_SEARCH_PATHS = (
					"$(inherited)",
					"@executable_path/Frameworks",
				);
				MARKETING_VERSION = 1.0;
				PRODUCT_BUNDLE_IDENTIFIER = dev.nikditten.app.ProjectM;
				PRODUCT_NAME = "$(TARGET_NAME)";
				SWIFT_EMIT_LOC_STRINGS = YES;
				SWIFT_VERSION = 5.0;
				TARGETED_DEVICE_FAMILY = "1,2";
			};
			name = Release;
		};
		85D9D6A129BDFFE5008C8106 /* Debug */ = {
			isa = XCBuildConfiguration;
			buildSettings = {
				ALWAYS_EMBED_SWIFT_STANDARD_LIBRARIES = YES;
				BUNDLE_LOADER = "$(TEST_HOST)";
				CODE_SIGN_STYLE = Automatic;
				CURRENT_PROJECT_VERSION = 1;
				DEVELOPMENT_TEAM = DJL65M64G7;
				GENERATE_INFOPLIST_FILE = YES;
				IPHONEOS_DEPLOYMENT_TARGET = 16.2;
				MARKETING_VERSION = 1.0;
				PRODUCT_BUNDLE_IDENTIFIER = dev.nikditten.app.ProjectMTests;
				PRODUCT_NAME = "$(TARGET_NAME)";
				SWIFT_EMIT_LOC_STRINGS = NO;
				SWIFT_VERSION = 5.0;
				TARGETED_DEVICE_FAMILY = "1,2";
				TEST_HOST = "$(BUILT_PRODUCTS_DIR)/ProjectM.app/$(BUNDLE_EXECUTABLE_FOLDER_PATH)/ProjectM";
			};
			name = Debug;
		};
		85D9D6A229BDFFE5008C8106 /* Release */ = {
			isa = XCBuildConfiguration;
			buildSettings = {
				ALWAYS_EMBED_SWIFT_STANDARD_LIBRARIES = YES;
				BUNDLE_LOADER = "$(TEST_HOST)";
				CODE_SIGN_STYLE = Automatic;
				CURRENT_PROJECT_VERSION = 1;
				DEVELOPMENT_TEAM = DJL65M64G7;
				GENERATE_INFOPLIST_FILE = YES;
				IPHONEOS_DEPLOYMENT_TARGET = 16.2;
				MARKETING_VERSION = 1.0;
				PRODUCT_BUNDLE_IDENTIFIER = dev.nikditten.app.ProjectMTests;
				PRODUCT_NAME = "$(TARGET_NAME)";
				SWIFT_EMIT_LOC_STRINGS = NO;
				SWIFT_VERSION = 5.0;
				TARGETED_DEVICE_FAMILY = "1,2";
				TEST_HOST = "$(BUILT_PRODUCTS_DIR)/ProjectM.app/$(BUNDLE_EXECUTABLE_FOLDER_PATH)/ProjectM";
			};
			name = Release;
		};
		85D9D6A429BDFFE5008C8106 /* Debug */ = {
			isa = XCBuildConfiguration;
			buildSettings = {
				ALWAYS_EMBED_SWIFT_STANDARD_LIBRARIES = YES;
				CODE_SIGN_STYLE = Automatic;
				CURRENT_PROJECT_VERSION = 1;
				DEVELOPMENT_TEAM = DJL65M64G7;
				GENERATE_INFOPLIST_FILE = YES;
				MARKETING_VERSION = 1.0;
				PRODUCT_BUNDLE_IDENTIFIER = dev.nikditten.app.ProjectMUITests;
				PRODUCT_NAME = "$(TARGET_NAME)";
				SWIFT_EMIT_LOC_STRINGS = NO;
				SWIFT_VERSION = 5.0;
				TARGETED_DEVICE_FAMILY = "1,2";
				TEST_TARGET_NAME = ProjectM;
			};
			name = Debug;
		};
		85D9D6A529BDFFE5008C8106 /* Release */ = {
			isa = XCBuildConfiguration;
			buildSettings = {
				ALWAYS_EMBED_SWIFT_STANDARD_LIBRARIES = YES;
				CODE_SIGN_STYLE = Automatic;
				CURRENT_PROJECT_VERSION = 1;
				DEVELOPMENT_TEAM = DJL65M64G7;
				GENERATE_INFOPLIST_FILE = YES;
				MARKETING_VERSION = 1.0;
				PRODUCT_BUNDLE_IDENTIFIER = dev.nikditten.app.ProjectMUITests;
				PRODUCT_NAME = "$(TARGET_NAME)";
				SWIFT_EMIT_LOC_STRINGS = NO;
				SWIFT_VERSION = 5.0;
				TARGETED_DEVICE_FAMILY = "1,2";
				TEST_TARGET_NAME = ProjectM;
			};
			name = Release;
		};
/* End XCBuildConfiguration section */

/* Begin XCConfigurationList section */
		85D9D66E29BDFFE4008C8106 /* Build configuration list for PBXProject "ProjectM" */ = {
			isa = XCConfigurationList;
			buildConfigurations = (
				85D9D69B29BDFFE5008C8106 /* Debug */,
				85D9D69C29BDFFE5008C8106 /* Release */,
			);
			defaultConfigurationIsVisible = 0;
			defaultConfigurationName = Release;
		};
		85D9D69D29BDFFE5008C8106 /* Build configuration list for PBXNativeTarget "ProjectM" */ = {
			isa = XCConfigurationList;
			buildConfigurations = (
				85D9D69E29BDFFE5008C8106 /* Debug */,
				85D9D69F29BDFFE5008C8106 /* Release */,
			);
			defaultConfigurationIsVisible = 0;
			defaultConfigurationName = Release;
		};
		85D9D6A029BDFFE5008C8106 /* Build configuration list for PBXNativeTarget "ProjectMTests" */ = {
			isa = XCConfigurationList;
			buildConfigurations = (
				85D9D6A129BDFFE5008C8106 /* Debug */,
				85D9D6A229BDFFE5008C8106 /* Release */,
			);
			defaultConfigurationIsVisible = 0;
			defaultConfigurationName = Release;
		};
		85D9D6A329BDFFE5008C8106 /* Build configuration list for PBXNativeTarget "ProjectMUITests" */ = {
			isa = XCConfigurationList;
			buildConfigurations = (
				85D9D6A429BDFFE5008C8106 /* Debug */,
				85D9D6A529BDFFE5008C8106 /* Release */,
			);
			defaultConfigurationIsVisible = 0;
			defaultConfigurationName = Release;
		};
/* End XCConfigurationList section */

/* Begin XCVersionGroup section */
		85D9D68129BDFFE5008C8106 /* ProjectM.xcdatamodeld */ = {
			isa = XCVersionGroup;
			children = (
				85D9D68229BDFFE5008C8106 /* ProjectM.xcdatamodel */,
			);
			currentVersion = 85D9D68229BDFFE5008C8106 /* ProjectM.xcdatamodel */;
			path = ProjectM.xcdatamodeld;
			sourceTree = "<group>";
			versionGroupType = wrapper.xcdatamodel;
		};
/* End XCVersionGroup section */
	};
	rootObject = 85D9D66B29BDFFE4008C8106 /* Project object */;
}
